
Microsoft Visual Studio Solution File, Format Version 12.00
# Visual Studio Version 17
VisualStudioVersion = 17.3.32929.385
MinimumVisualStudioVersion = 10.0.40219.1
Project("{FAE04EC0-301F-11D3-BF4B-00C04F79EFBC}") = "Yapici Metod Constructor ctor Ornegi", "Yapici Metod Constructor ctor Ornegi.csproj", "{3B366D41-720B-4FF1-9AA6-C1280DE830C3}"
EndProject
Global
	GlobalSection(SolutionConfigurationPlatforms) = preSolution
		Debug|Any CPU = Debug|Any CPU
		Release|Any CPU = Release|Any CPU
	EndGlobalSection
	GlobalSection(ProjectConfigurationPlatforms) = postSolution
		{3B366D41-720B-4FF1-9AA6-C1280DE830C3}.Debug|Any CPU.ActiveCfg = Debug|Any CPU
		{3B366D41-720B-4FF1-9AA6-C1280DE830C3}.Debug|Any CPU.Build.0 = Debug|Any CPU
		{3B366D41-720B-4FF1-9AA6-C1280DE830C3}.Release|Any CPU.ActiveCfg = Release|Any CPU
		{3B366D41-720B-4FF1-9AA6-C1280DE830C3}.Release|Any CPU.Build.0 = Release|Any CPU
	EndGlobalSection
	GlobalSection(SolutionProperties) = preSolution
		HideSolutionNode = FALSE
	EndGlobalSection
	GlobalSection(ExtensibilityGlobals) = postSolution
		SolutionGuid = {66517188-8B6F-4BC9-85AC-560DC26FAE37}
	EndGlobalSection
EndGlobal
